
Microsoft Visual Studio Solution File, Format Version 12.00
# Visual Studio for Mac
Project("{FAE04EC0-301F-11D3-BF4B-00C04F79EFBC}") = "Assembly-CSharp", "Assembly-CSharp.csproj", "{47EC3C3B-0FB0-C017-827A-3875157BD760}"
EndProject
Project("{FAE04EC0-301F-11D3-BF4B-00C04F79EFBC}") = "Assembly-CSharp-Editor", "Assembly-CSharp-Editor.csproj", "{696A7F7B-F55C-A98D-B5E5-798FC79D6E06}"
EndProject
Global
	GlobalSection(SolutionConfigurationPlatforms) = preSolution
		Debug|Any CPU = Debug|Any CPU
		Release|Any CPU = Release|Any CPU
	EndGlobalSection
	GlobalSection(ProjectConfigurationPlatforms) = postSolution
		{47EC3C3B-0FB0-C017-827A-3875157BD760}.Debug|Any CPU.ActiveCfg = Debug|Any CPU
		{47EC3C3B-0FB0-C017-827A-3875157BD760}.Debug|Any CPU.Build.0 = Debug|Any CPU
		{47EC3C3B-0FB0-C017-827A-3875157BD760}.Release|Any CPU.ActiveCfg = Release|Any CPU
		{47EC3C3B-0FB0-C017-827A-3875157BD760}.Release|Any CPU.Build.0 = Release|Any CPU
		{696A7F7B-F55C-A98D-B5E5-798FC79D6E06}.Debug|Any CPU.ActiveCfg = Debug|Any CPU
		{696A7F7B-F55C-A98D-B5E5-798FC79D6E06}.Debug|Any CPU.Build.0 = Debug|Any CPU
		{696A7F7B-F55C-A98D-B5E5-798FC79D6E06}.Release|Any CPU.ActiveCfg = Release|Any CPU
		{696A7F7B-F55C-A98D-B5E5-798FC79D6E06}.Release|Any CPU.Build.0 = Release|Any CPU
	EndGlobalSection
	GlobalSection(SolutionProperties) = preSolution
		HideSolutionNode = FALSE
	EndGlobalSection
EndGlobal
